// !$*UTF8*$!
{
	archiveVersion = 1;
	classes = {
	};
	objectVersion = 46;
	objects = {

/* Begin PBXAggregateTarget section */
		665E5842BB7440BE8D36FDA5 /* ZERO_CHECK */ = {
			isa = PBXAggregateTarget;
			buildConfigurationList = 4540959DDA064805A0B2C70A /* Build configuration list for PBXAggregateTarget "ZERO_CHECK" */;
			buildPhases = (
				759B756BEF264A84852E4D08 /* CMake Rules */,
			);
			dependencies = (
			);
			name = ZERO_CHECK;
			productName = ZERO_CHECK;
		};
		990C8319D720478FA1C6A802 /* ALL_BUILD */ = {
			isa = PBXAggregateTarget;
			buildConfigurationList = 4CFA51C1B2C04D02AB1E0884 /* Build configuration list for PBXAggregateTarget "ALL_BUILD" */;
			buildPhases = (
				2D8B3A4AB46E4ABB86CA76D9 /* CMake Rules */,
			);
			dependencies = (
				64A64EB0C5354E0F9C851B3B /* PBXTargetDependency */,
				00A42C08EAE341BFA01D506A /* PBXTargetDependency */,
			);
			name = ALL_BUILD;
			productName = ALL_BUILD;
		};
/* End PBXAggregateTarget section */

/* Begin PBXBuildFile section */
		0104F2355CFD4DA68CFB5CF0 /* /Users/alexblack/Developer/Cpp/labs/lab2/src/main.cpp */ = {isa = PBXBuildFile; fileRef = A73E322D076F45FD984CB9AB /* /Users/alexblack/Developer/Cpp/labs/lab2/src/main.cpp */; };
		9555822150B74CB3824B3E64 /* /Users/alexblack/Developer/Cpp/labs/lab2/CMakeLists.txt */ = {isa = PBXBuildFile; fileRef = 76BFD85F84F347D38B575FCF /* /Users/alexblack/Developer/Cpp/labs/lab2/CMakeLists.txt */; };
		9FA3C107601A4FFEB43686F4 /* /Users/alexblack/Developer/Cpp/labs/lab2/src/Tokenizer.cpp */ = {isa = PBXBuildFile; fileRef = 77EBF7445E164C6993F4DC6D /* /Users/alexblack/Developer/Cpp/labs/lab2/src/Tokenizer.cpp */; };
/* End PBXBuildFile section */

/* Begin PBXBuildStyle section */
		4D37491A84904D938F901189 /* MinSizeRel */ = {
			isa = PBXBuildStyle;
			buildSettings = {
				COPY_PHASE_STRIP = NO;
			};
			name = MinSizeRel;
		};
		B34DE9649C6A4093AA23B8DD /* Debug */ = {
			isa = PBXBuildStyle;
			buildSettings = {
				COPY_PHASE_STRIP = NO;
			};
			name = Debug;
		};
		B415E4B0F7534D04A090266D /* Release */ = {
			isa = PBXBuildStyle;
			buildSettings = {
				COPY_PHASE_STRIP = NO;
			};
			name = Release;
		};
		F8C06F0529144956805B6E4E /* RelWithDebInfo */ = {
			isa = PBXBuildStyle;
			buildSettings = {
				COPY_PHASE_STRIP = NO;
			};
			name = RelWithDebInfo;
		};
/* End PBXBuildStyle section */

/* Begin PBXContainerItemProxy section */
		32FC497021B04073B6D8E268 /* PBXContainerItemProxy */ = {
			isa = PBXContainerItemProxy;
			containerPortal = EE235D1A82F048648D5E24D6 /* Project object */;
			proxyType = 1;
			remoteGlobalIDString = 665E5842BB7440BE8D36FDA5;
			remoteInfo = ZERO_CHECK;
		};
		8D861B02219E469983B224D1 /* PBXContainerItemProxy */ = {
			isa = PBXContainerItemProxy;
			containerPortal = EE235D1A82F048648D5E24D6 /* Project object */;
			proxyType = 1;
			remoteGlobalIDString = 368BD1C754A64E71A3DB2057;
			remoteInfo = main;
		};
		DE32DD312B594A62AA5FDDFC /* PBXContainerItemProxy */ = {
			isa = PBXContainerItemProxy;
			containerPortal = EE235D1A82F048648D5E24D6 /* Project object */;
			proxyType = 1;
			remoteGlobalIDString = 665E5842BB7440BE8D36FDA5;
			remoteInfo = ZERO_CHECK;
		};
/* End PBXContainerItemProxy section */

/* Begin PBXFileReference section */
		73E20CB92ABE429BA0F5534A /* main */ = {isa = PBXFileReference; explicitFileType = "compiled.mach-o.executable"; path = main; sourceTree = BUILT_PRODUCTS_DIR; };
		76BFD85F84F347D38B575FCF /* /Users/alexblack/Developer/Cpp/labs/lab2/CMakeLists.txt */ = {isa = PBXFileReference; explicitFileType = sourcecode.text; fileEncoding = 4; name = CMakeLists.txt; path = CMakeLists.txt; sourceTree = SOURCE_ROOT; };
		77EBF7445E164C6993F4DC6D /* /Users/alexblack/Developer/Cpp/labs/lab2/src/Tokenizer.cpp */ = {isa = PBXFileReference; explicitFileType = sourcecode.cpp.cpp; fileEncoding = 4; name = Tokenizer.cpp; path = src/Tokenizer.cpp; sourceTree = SOURCE_ROOT; };
		7DB702EBE17B446592645E47 /* /Users/alexblack/Developer/Cpp/labs/lab2/CMakeLists.txt */ = {isa = PBXFileReference; explicitFileType = sourcecode.text; fileEncoding = 4; name = CMakeLists.txt; path = CMakeLists.txt; sourceTree = SOURCE_ROOT; };
		A73E322D076F45FD984CB9AB /* /Users/alexblack/Developer/Cpp/labs/lab2/src/main.cpp */ = {isa = PBXFileReference; explicitFileType = sourcecode.cpp.cpp; fileEncoding = 4; name = main.cpp; path = src/main.cpp; sourceTree = SOURCE_ROOT; };
		F0CB5F9D988C4F9F87AAEB86 /* /Users/alexblack/Developer/Cpp/labs/lab2/CMakeLists.txt */ = {isa = PBXFileReference; explicitFileType = sourcecode.text; fileEncoding = 4; name = CMakeLists.txt; path = CMakeLists.txt; sourceTree = SOURCE_ROOT; };
/* End PBXFileReference section */

/* Begin PBXGroup section */
		1CEAA8DE614F48FD94971360 /* CMake Rules */ = {
			isa = PBXGroup;
			children = (
			);
			name = "CMake Rules";
			sourceTree = "<group>";
		};
		42B1C7FE8B2448CDA4D8C9B6 /* Source Files */ = {
			isa = PBXGroup;
			children = (
				77EBF7445E164C6993F4DC6D /* /Users/alexblack/Developer/Cpp/labs/lab2/src/Tokenizer.cpp */,
				A73E322D076F45FD984CB9AB /* /Users/alexblack/Developer/Cpp/labs/lab2/src/main.cpp */,
			);
			name = "Source Files";
			sourceTree = "<group>";
		};
		4BDBA695997D4526AA0727EA = {
			isa = PBXGroup;
			children = (
				74EBBF6F484B49D6ADA738FC /* main */,
				6490916A97E045F58B439826 /* ALL_BUILD */,
				C48E9D063A124AF09A317A2C /* ZERO_CHECK */,
				ED74851C8C554EE1BE8A8FC5 /* Products */,
			);
			sourceTree = "<group>";
		};
		6490916A97E045F58B439826 /* ALL_BUILD */ = {
			isa = PBXGroup;
			children = (
				1CEAA8DE614F48FD94971360 /* CMake Rules */,
				F0CB5F9D988C4F9F87AAEB86 /* /Users/alexblack/Developer/Cpp/labs/lab2/CMakeLists.txt */,
			);
			name = ALL_BUILD;
			sourceTree = "<group>";
		};
		74EBBF6F484B49D6ADA738FC /* main */ = {
			isa = PBXGroup;
			children = (
				42B1C7FE8B2448CDA4D8C9B6 /* Source Files */,
				76BFD85F84F347D38B575FCF /* /Users/alexblack/Developer/Cpp/labs/lab2/CMakeLists.txt */,
			);
			name = main;
			sourceTree = "<group>";
		};
		C48E9D063A124AF09A317A2C /* ZERO_CHECK */ = {
			isa = PBXGroup;
			children = (
				D2D025037A6B4E88BE741846 /* CMake Rules */,
				7DB702EBE17B446592645E47 /* /Users/alexblack/Developer/Cpp/labs/lab2/CMakeLists.txt */,
			);
			name = ZERO_CHECK;
			sourceTree = "<group>";
		};
		D2D025037A6B4E88BE741846 /* CMake Rules */ = {
			isa = PBXGroup;
			children = (
			);
			name = "CMake Rules";
			sourceTree = "<group>";
		};
		ED74851C8C554EE1BE8A8FC5 /* Products */ = {
			isa = PBXGroup;
			children = (
				73E20CB92ABE429BA0F5534A /* main */,
			);
			name = Products;
			sourceTree = "<group>";
		};
/* End PBXGroup section */

/* Begin PBXNativeTarget section */
		368BD1C754A64E71A3DB2057 /* main */ = {
			isa = PBXNativeTarget;
			buildConfigurationList = BAFA3C37C966456CBE61D702 /* Build configuration list for PBXNativeTarget "main" */;
			buildPhases = (
				F8B5CEE79801471C8B8E706A /* Sources */,
			);
			buildRules = (
			);
			dependencies = (
				117D454FE9D6458CBE3BF5ED /* PBXTargetDependency */,
			);
			name = main;
			productName = main;
			productReference = 73E20CB92ABE429BA0F5534A /* main */;
			productType = "com.apple.product-type.tool";
		};
/* End PBXNativeTarget section */

/* Begin PBXProject section */
		EE235D1A82F048648D5E24D6 /* Project object */ = {
			isa = PBXProject;
			attributes = {
				BuildIndependentTargetsInParallel = YES;
				LastUpgradeCheck = 0900;
			};
			buildConfigurationList = 079FEAA63789437E8BA865F7 /* Build configuration list for PBXProject "lab2" */;
			buildSettings = {
			};
			buildStyles = (
				B34DE9649C6A4093AA23B8DD /* Debug */,
				B415E4B0F7534D04A090266D /* Release */,
				4D37491A84904D938F901189 /* MinSizeRel */,
				F8C06F0529144956805B6E4E /* RelWithDebInfo */,
			);
			compatibilityVersion = "Xcode 3.2";
			hasScannedForEncodings = 0;
			mainGroup = 4BDBA695997D4526AA0727EA;
			projectDirPath = .;
			projectRoot = "";
			targets = (
				990C8319D720478FA1C6A802 /* ALL_BUILD */,
				665E5842BB7440BE8D36FDA5 /* ZERO_CHECK */,
				368BD1C754A64E71A3DB2057 /* main */,
			);
		};
/* End PBXProject section */

/* Begin PBXShellScriptBuildPhase section */
		109ABAE5BDEF49F5BF017A32 = {
			isa = PBXShellScriptBuildPhase;
			buildActionMask = 2147483647;
			files = (
			);
			inputPaths = (
			);
			outputPaths = (
			);
			runOnlyForDeploymentPostprocessing = 0;
			shellPath = /bin/sh;
			shellScript = "# shell script goes here
exit 0";
			showEnvVarsInLog = 0;
		};
		1E456BCB89054344ACE0765A = {
			isa = PBXShellScriptBuildPhase;
			buildActionMask = 2147483647;
			files = (
			);
			inputPaths = (
			);
			outputPaths = (
			);
			runOnlyForDeploymentPostprocessing = 0;
			shellPath = /bin/sh;
			shellScript = "# shell script goes here
exit 0";
			showEnvVarsInLog = 0;
		};
		2D8B3A4AB46E4ABB86CA76D9 /* CMake Rules */ = {
			isa = PBXShellScriptBuildPhase;
			buildActionMask = 2147483647;
			files = (
			);
			name = "CMake Rules";
			runOnlyForDeploymentPostprocessing = 0;
			shellPath = /bin/sh;
			shellScript = "make -C /Users/alexblack/Developer/Cpp/labs/lab2 -f /Users/alexblack/Developer/Cpp/labs/lab2/CMakeScripts/ALL_BUILD_cmakeRulesBuildPhase.make$CONFIGURATION all";
			showEnvVarsInLog = 0;
		};
		759B756BEF264A84852E4D08 /* CMake Rules */ = {
			isa = PBXShellScriptBuildPhase;
			buildActionMask = 2147483647;
			files = (
			);
			name = "CMake Rules";
			runOnlyForDeploymentPostprocessing = 0;
			shellPath = /bin/sh;
			shellScript = "make -C /Users/alexblack/Developer/Cpp/labs/lab2 -f /Users/alexblack/Developer/Cpp/labs/lab2/CMakeScripts/ZERO_CHECK_cmakeRulesBuildPhase.make$CONFIGURATION all";
			showEnvVarsInLog = 0;
		};
/* End PBXShellScriptBuildPhase section */

/* Begin PBXSourcesBuildPhase section */
		F8B5CEE79801471C8B8E706A /* Sources */ = {
			isa = PBXSourcesBuildPhase;
			buildActionMask = 2147483647;
			files = (
				9FA3C107601A4FFEB43686F4 /* /Users/alexblack/Developer/Cpp/labs/lab2/src/Tokenizer.cpp */,
				0104F2355CFD4DA68CFB5CF0 /* /Users/alexblack/Developer/Cpp/labs/lab2/src/main.cpp */,
			);
			runOnlyForDeploymentPostprocessing = 0;
		};
/* End PBXSourcesBuildPhase section */

/* Begin PBXTargetDependency section */
		00A42C08EAE341BFA01D506A /* PBXTargetDependency */ = {
			isa = PBXTargetDependency;
			target = 368BD1C754A64E71A3DB2057 /* main */;
			targetProxy = 8D861B02219E469983B224D1 /* PBXContainerItemProxy */;
		};
		117D454FE9D6458CBE3BF5ED /* PBXTargetDependency */ = {
			isa = PBXTargetDependency;
			target = 665E5842BB7440BE8D36FDA5 /* ZERO_CHECK */;
			targetProxy = 32FC497021B04073B6D8E268 /* PBXContainerItemProxy */;
		};
		64A64EB0C5354E0F9C851B3B /* PBXTargetDependency */ = {
			isa = PBXTargetDependency;
			target = 665E5842BB7440BE8D36FDA5 /* ZERO_CHECK */;
			targetProxy = DE32DD312B594A62AA5FDDFC /* PBXContainerItemProxy */;
		};
/* End PBXTargetDependency section */

/* Begin XCBuildConfiguration section */
		023C94B826A9436BB4BE68BC /* MinSizeRel */ = {
			isa = XCBuildConfiguration;
			buildSettings = {
				COMBINE_HIDPI_IMAGES = YES;
				GCC_GENERATE_DEBUGGING_SYMBOLS = YES;
				GCC_INLINES_ARE_PRIVATE_EXTERN = NO;
				GCC_OPTIMIZATION_LEVEL = 0;
				GCC_PREPROCESSOR_DEFINITIONS = ("'CMAKE_INTDIR=\"$(CONFIGURATION)$(EFFECTIVE_PLATFORM_NAME)\"'");
				GCC_SYMBOLS_PRIVATE_EXTERN = NO;
				INSTALL_PATH = "";
				OTHER_LDFLAGS = " ";
				OTHER_REZFLAGS = "";
				PRODUCT_NAME = ALL_BUILD;
				SECTORDER_FLAGS = "";
				SYMROOT = /Users/alexblack/Developer/Cpp/labs/lab2;
				USE_HEADERMAP = NO;
				WARNING_CFLAGS = ("-Wmost","-Wno-four-char-constants","-Wno-unknown-pragmas","$(inherited)");
			};
			name = MinSizeRel;
		};
		13E71298C46E4C78BB08BE30 /* Release */ = {
			isa = XCBuildConfiguration;
			buildSettings = {
				COMBINE_HIDPI_IMAGES = YES;
				CONFIGURATION_BUILD_DIR = /Users/alexblack/Developer/Cpp/labs/lab2/bin/Release;
				EXECUTABLE_PREFIX = "";
				EXECUTABLE_SUFFIX = "";
				GCC_GENERATE_DEBUGGING_SYMBOLS = NO;
				GCC_INLINES_ARE_PRIVATE_EXTERN = NO;
				GCC_OPTIMIZATION_LEVEL = 3;
				GCC_PREPROCESSOR_DEFINITIONS = ("'CMAKE_INTDIR=\"$(CONFIGURATION)$(EFFECTIVE_PLATFORM_NAME)\"'");
				GCC_SYMBOLS_PRIVATE_EXTERN = NO;
				INSTALL_PATH = "";
				LIBRARY_SEARCH_PATHS = "";
				OTHER_CPLUSPLUSFLAGS = "    -DNDEBUG '-std=gnu++14'  ";
				OTHER_LDFLAGS = " -Wl,-search_paths_first -Wl,-headerpad_max_install_names  ";
				OTHER_REZFLAGS = "";
				PRODUCT_NAME = main;
				SECTORDER_FLAGS = "";
				SYMROOT = /Users/alexblack/Developer/Cpp/labs/lab2;
				USE_HEADERMAP = NO;
				WARNING_CFLAGS = ("-Wmost","-Wno-four-char-constants","-Wno-unknown-pragmas","$(inherited)");
			};
			name = Release;
		};
		25306B9E48CB4AFCBB8CE966 /* Release */ = {
			isa = XCBuildConfiguration;
			buildSettings = {
				MACOSX_DEPLOYMENT_TARGET = 10.12;
				ONLY_ACTIVE_ARCH = YES;
				SDKROOT = /Applications/Xcode.app/Contents/Developer/Platforms/MacOSX.platform/Developer/SDKs/MacOSX10.13.sdk;
				SYMROOT = /Users/alexblack/Developer/Cpp/labs/lab2/build;
			};
			name = Release;
		};
		35152532B46347CEB43E8A92 /* Release */ = {
			isa = XCBuildConfiguration;
			buildSettings = {
				COMBINE_HIDPI_IMAGES = YES;
				GCC_GENERATE_DEBUGGING_SYMBOLS = YES;
				GCC_INLINES_ARE_PRIVATE_EXTERN = NO;
				GCC_OPTIMIZATION_LEVEL = 0;
				GCC_PREPROCESSOR_DEFINITIONS = ("'CMAKE_INTDIR=\"$(CONFIGURATION)$(EFFECTIVE_PLATFORM_NAME)\"'");
				GCC_SYMBOLS_PRIVATE_EXTERN = NO;
				INSTALL_PATH = "";
				OTHER_LDFLAGS = " ";
				OTHER_REZFLAGS = "";
				PRODUCT_NAME = ZERO_CHECK;
				SECTORDER_FLAGS = "";
				SYMROOT = /Users/alexblack/Developer/Cpp/labs/lab2;
				USE_HEADERMAP = NO;
				WARNING_CFLAGS = ("-Wmost","-Wno-four-char-constants","-Wno-unknown-pragmas","$(inherited)");
			};
			name = Release;
		};
		37ED78800D6C4F618612A373 /* Debug */ = {
			isa = XCBuildConfiguration;
			buildSettings = {
				MACOSX_DEPLOYMENT_TARGET = 10.12;
				ONLY_ACTIVE_ARCH = YES;
				SDKROOT = /Applications/Xcode.app/Contents/Developer/Platforms/MacOSX.platform/Developer/SDKs/MacOSX10.13.sdk;
				SYMROOT = /Users/alexblack/Developer/Cpp/labs/lab2/build;
			};
			name = Debug;
		};
		3A786112CD1A449594D406FA /* Release */ = {
			isa = XCBuildConfiguration;
			buildSettings = {
				COMBINE_HIDPI_IMAGES = YES;
				GCC_GENERATE_DEBUGGING_SYMBOLS = YES;
				GCC_INLINES_ARE_PRIVATE_EXTERN = NO;
				GCC_OPTIMIZATION_LEVEL = 0;
				GCC_PREPROCESSOR_DEFINITIONS = ("'CMAKE_INTDIR=\"$(CONFIGURATION)$(EFFECTIVE_PLATFORM_NAME)\"'");
				GCC_SYMBOLS_PRIVATE_EXTERN = NO;
				INSTALL_PATH = "";
				OTHER_LDFLAGS = " ";
				OTHER_REZFLAGS = "";
				PRODUCT_NAME = ALL_BUILD;
				SECTORDER_FLAGS = "";
				SYMROOT = /Users/alexblack/Developer/Cpp/labs/lab2;
				USE_HEADERMAP = NO;
				WARNING_CFLAGS = ("-Wmost","-Wno-four-char-constants","-Wno-unknown-pragmas","$(inherited)");
			};
			name = Release;
		};
		417693E763AB4E2A9336F2A4 /* MinSizeRel */ = {
			isa = XCBuildConfiguration;
			buildSettings = {
				COMBINE_HIDPI_IMAGES = YES;
				CONFIGURATION_BUILD_DIR = /Users/alexblack/Developer/Cpp/labs/lab2/bin/MinSizeRel;
				EXECUTABLE_PREFIX = "";
				EXECUTABLE_SUFFIX = "";
				GCC_GENERATE_DEBUGGING_SYMBOLS = NO;
				GCC_INLINES_ARE_PRIVATE_EXTERN = NO;
				GCC_OPTIMIZATION_LEVEL = s;
				GCC_PREPROCESSOR_DEFINITIONS = ("'CMAKE_INTDIR=\"$(CONFIGURATION)$(EFFECTIVE_PLATFORM_NAME)\"'");
				GCC_SYMBOLS_PRIVATE_EXTERN = NO;
				INSTALL_PATH = "";
				LIBRARY_SEARCH_PATHS = "";
				OTHER_CPLUSPLUSFLAGS = "    -DNDEBUG '-std=gnu++14'  ";
				OTHER_LDFLAGS = " -Wl,-search_paths_first -Wl,-headerpad_max_install_names  ";
				OTHER_REZFLAGS = "";
				PRODUCT_NAME = main;
				SECTORDER_FLAGS = "";
				SYMROOT = /Users/alexblack/Developer/Cpp/labs/lab2;
				USE_HEADERMAP = NO;
				WARNING_CFLAGS = ("-Wmost","-Wno-four-char-constants","-Wno-unknown-pragmas","$(inherited)");
			};
			name = MinSizeRel;
		};
		5E842F3E60944E9DBBF85CF5 /* Debug */ = {
			isa = XCBuildConfiguration;
			buildSettings = {
				COMBINE_HIDPI_IMAGES = YES;
				CONFIGURATION_BUILD_DIR = /Users/alexblack/Developer/Cpp/labs/lab2/bin/Debug;
				EXECUTABLE_PREFIX = "";
				EXECUTABLE_SUFFIX = "";
				GCC_GENERATE_DEBUGGING_SYMBOLS = YES;
				GCC_INLINES_ARE_PRIVATE_EXTERN = NO;
				GCC_OPTIMIZATION_LEVEL = 0;
				GCC_PREPROCESSOR_DEFINITIONS = ("'CMAKE_INTDIR=\"$(CONFIGURATION)$(EFFECTIVE_PLATFORM_NAME)\"'");
				GCC_SYMBOLS_PRIVATE_EXTERN = NO;
				INSTALL_PATH = "";
				LIBRARY_SEARCH_PATHS = "";
				OTHER_CPLUSPLUSFLAGS = "   '-std=gnu++14'  ";
				OTHER_LDFLAGS = " -Wl,-search_paths_first -Wl,-headerpad_max_install_names  ";
				OTHER_REZFLAGS = "";
				PRODUCT_NAME = main;
				SECTORDER_FLAGS = "";
				SYMROOT = /Users/alexblack/Developer/Cpp/labs/lab2;
				USE_HEADERMAP = NO;
				WARNING_CFLAGS = ("-Wmost","-Wno-four-char-constants","-Wno-unknown-pragmas","$(inherited)");
			};
			name = Debug;
		};
		698337AA615B4A7FA61F54BC /* MinSizeRel */ = {
			isa = XCBuildConfiguration;
			buildSettings = {
				COMBINE_HIDPI_IMAGES = YES;
				GCC_GENERATE_DEBUGGING_SYMBOLS = YES;
				GCC_INLINES_ARE_PRIVATE_EXTERN = NO;
				GCC_OPTIMIZATION_LEVEL = 0;
				GCC_PREPROCESSOR_DEFINITIONS = ("'CMAKE_INTDIR=\"$(CONFIGURATION)$(EFFECTIVE_PLATFORM_NAME)\"'");
				GCC_SYMBOLS_PRIVATE_EXTERN = NO;
				INSTALL_PATH = "";
				OTHER_LDFLAGS = " ";
				OTHER_REZFLAGS = "";
				PRODUCT_NAME = ZERO_CHECK;
				SECTORDER_FLAGS = "";
				SYMROOT = /Users/alexblack/Developer/Cpp/labs/lab2;
				USE_HEADERMAP = NO;
				WARNING_CFLAGS = ("-Wmost","-Wno-four-char-constants","-Wno-unknown-pragmas","$(inherited)");
			};
			name = MinSizeRel;
		};
		728367B1858B47CF883F3D6D /* RelWithDebInfo */ = {
			isa = XCBuildConfiguration;
			buildSettings = {
				MACOSX_DEPLOYMENT_TARGET = 10.12;
				ONLY_ACTIVE_ARCH = YES;
				SDKROOT = /Applications/Xcode.app/Contents/Developer/Platforms/MacOSX.platform/Developer/SDKs/MacOSX10.13.sdk;
				SYMROOT = /Users/alexblack/Developer/Cpp/labs/lab2/build;
			};
			name = RelWithDebInfo;
		};
		84492C25E3374A11B6ACA6BB /* Debug */ = {
			isa = XCBuildConfiguration;
			buildSettings = {
				COMBINE_HIDPI_IMAGES = YES;
				GCC_GENERATE_DEBUGGING_SYMBOLS = YES;
				GCC_INLINES_ARE_PRIVATE_EXTERN = NO;
				GCC_OPTIMIZATION_LEVEL = 0;
				GCC_PREPROCESSOR_DEFINITIONS = ("'CMAKE_INTDIR=\"$(CONFIGURATION)$(EFFECTIVE_PLATFORM_NAME)\"'");
				GCC_SYMBOLS_PRIVATE_EXTERN = NO;
				INSTALL_PATH = "";
				OTHER_LDFLAGS = " ";
				OTHER_REZFLAGS = "";
				PRODUCT_NAME = ALL_BUILD;
				SECTORDER_FLAGS = "";
				SYMROOT = /Users/alexblack/Developer/Cpp/labs/lab2;
				USE_HEADERMAP = NO;
				WARNING_CFLAGS = ("-Wmost","-Wno-four-char-constants","-Wno-unknown-pragmas","$(inherited)");
			};
			name = Debug;
		};
		8EFEE342A661432F809F88E4 /* Debug */ = {
			isa = XCBuildConfiguration;
			buildSettings = {
				COMBINE_HIDPI_IMAGES = YES;
				GCC_GENERATE_DEBUGGING_SYMBOLS = YES;
				GCC_INLINES_ARE_PRIVATE_EXTERN = NO;
				GCC_OPTIMIZATION_LEVEL = 0;
				GCC_PREPROCESSOR_DEFINITIONS = ("'CMAKE_INTDIR=\"$(CONFIGURATION)$(EFFECTIVE_PLATFORM_NAME)\"'");
				GCC_SYMBOLS_PRIVATE_EXTERN = NO;
				INSTALL_PATH = "";
				OTHER_LDFLAGS = " ";
				OTHER_REZFLAGS = "";
				PRODUCT_NAME = ZERO_CHECK;
				SECTORDER_FLAGS = "";
				SYMROOT = /Users/alexblack/Developer/Cpp/labs/lab2;
				USE_HEADERMAP = NO;
				WARNING_CFLAGS = ("-Wmost","-Wno-four-char-constants","-Wno-unknown-pragmas","$(inherited)");
			};
			name = Debug;
		};
		A35B64D2A1E74D7B96B141CD /* RelWithDebInfo */ = {
			isa = XCBuildConfiguration;
			buildSettings = {
				COMBINE_HIDPI_IMAGES = YES;
				CONFIGURATION_BUILD_DIR = /Users/alexblack/Developer/Cpp/labs/lab2/bin/RelWithDebInfo;
				EXECUTABLE_PREFIX = "";
				EXECUTABLE_SUFFIX = "";
				GCC_GENERATE_DEBUGGING_SYMBOLS = YES;
				GCC_INLINES_ARE_PRIVATE_EXTERN = NO;
				GCC_OPTIMIZATION_LEVEL = 2;
				GCC_PREPROCESSOR_DEFINITIONS = ("'CMAKE_INTDIR=\"$(CONFIGURATION)$(EFFECTIVE_PLATFORM_NAME)\"'");
				GCC_SYMBOLS_PRIVATE_EXTERN = NO;
				INSTALL_PATH = "";
				LIBRARY_SEARCH_PATHS = "";
				OTHER_CPLUSPLUSFLAGS = "       -DNDEBUG '-std=gnu++14'  ";
				OTHER_LDFLAGS = " -Wl,-search_paths_first -Wl,-headerpad_max_install_names  ";
				OTHER_REZFLAGS = "";
				PRODUCT_NAME = main;
				SECTORDER_FLAGS = "";
				SYMROOT = /Users/alexblack/Developer/Cpp/labs/lab2;
				USE_HEADERMAP = NO;
				WARNING_CFLAGS = ("-Wmost","-Wno-four-char-constants","-Wno-unknown-pragmas","$(inherited)");
			};
			name = RelWithDebInfo;
		};
		C2915F2F871249AE9F2BD3C0 /* RelWithDebInfo */ = {
			isa = XCBuildConfiguration;
			buildSettings = {
				COMBINE_HIDPI_IMAGES = YES;
				GCC_GENERATE_DEBUGGING_SYMBOLS = YES;
				GCC_INLINES_ARE_PRIVATE_EXTERN = NO;
				GCC_OPTIMIZATION_LEVEL = 0;
				GCC_PREPROCESSOR_DEFINITIONS = ("'CMAKE_INTDIR=\"$(CONFIGURATION)$(EFFECTIVE_PLATFORM_NAME)\"'");
				GCC_SYMBOLS_PRIVATE_EXTERN = NO;
				INSTALL_PATH = "";
				OTHER_LDFLAGS = " ";
				OTHER_REZFLAGS = "";
				PRODUCT_NAME = ALL_BUILD;
				SECTORDER_FLAGS = "";
				SYMROOT = /Users/alexblack/Developer/Cpp/labs/lab2;
				USE_HEADERMAP = NO;
				WARNING_CFLAGS = ("-Wmost","-Wno-four-char-constants","-Wno-unknown-pragmas","$(inherited)");
			};
			name = RelWithDebInfo;
		};
		E69A94DC6BC94D7DAA6B0206 /* MinSizeRel */ = {
			isa = XCBuildConfiguration;
			buildSettings = {
				MACOSX_DEPLOYMENT_TARGET = 10.12;
				ONLY_ACTIVE_ARCH = YES;
				SDKROOT = /Applications/Xcode.app/Contents/Developer/Platforms/MacOSX.platform/Developer/SDKs/MacOSX10.13.sdk;
				SYMROOT = /Users/alexblack/Developer/Cpp/labs/lab2/build;
			};
			name = MinSizeRel;
		};
		EA83A24FE9E44D209A999E87 /* RelWithDebInfo */ = {
			isa = XCBuildConfiguration;
			buildSettings = {
				COMBINE_HIDPI_IMAGES = YES;
				GCC_GENERATE_DEBUGGING_SYMBOLS = YES;
				GCC_INLINES_ARE_PRIVATE_EXTERN = NO;
				GCC_OPTIMIZATION_LEVEL = 0;
				GCC_PREPROCESSOR_DEFINITIONS = ("'CMAKE_INTDIR=\"$(CONFIGURATION)$(EFFECTIVE_PLATFORM_NAME)\"'");
				GCC_SYMBOLS_PRIVATE_EXTERN = NO;
				INSTALL_PATH = "";
				OTHER_LDFLAGS = " ";
				OTHER_REZFLAGS = "";
				PRODUCT_NAME = ZERO_CHECK;
				SECTORDER_FLAGS = "";
				SYMROOT = /Users/alexblack/Developer/Cpp/labs/lab2;
				USE_HEADERMAP = NO;
				WARNING_CFLAGS = ("-Wmost","-Wno-four-char-constants","-Wno-unknown-pragmas","$(inherited)");
			};
			name = RelWithDebInfo;
		};
/* End XCBuildConfiguration section */

/* Begin XCConfigurationList section */
		079FEAA63789437E8BA865F7 /* Build configuration list for PBXProject "lab2" */ = {
			isa = XCConfigurationList;
			buildConfigurations = (
				37ED78800D6C4F618612A373 /* Debug */,
				25306B9E48CB4AFCBB8CE966 /* Release */,
				E69A94DC6BC94D7DAA6B0206 /* MinSizeRel */,
				728367B1858B47CF883F3D6D /* RelWithDebInfo */,
			);
			defaultConfigurationIsVisible = 0;
			defaultConfigurationName = Debug;
		};
		4540959DDA064805A0B2C70A /* Build configuration list for PBXAggregateTarget "ZERO_CHECK" */ = {
			isa = XCConfigurationList;
			buildConfigurations = (
				8EFEE342A661432F809F88E4 /* Debug */,
				35152532B46347CEB43E8A92 /* Release */,
				698337AA615B4A7FA61F54BC /* MinSizeRel */,
				EA83A24FE9E44D209A999E87 /* RelWithDebInfo */,
			);
			defaultConfigurationIsVisible = 0;
			defaultConfigurationName = Debug;
		};
		4CFA51C1B2C04D02AB1E0884 /* Build configuration list for PBXAggregateTarget "ALL_BUILD" */ = {
			isa = XCConfigurationList;
			buildConfigurations = (
				84492C25E3374A11B6ACA6BB /* Debug */,
				3A786112CD1A449594D406FA /* Release */,
				023C94B826A9436BB4BE68BC /* MinSizeRel */,
				C2915F2F871249AE9F2BD3C0 /* RelWithDebInfo */,
			);
			defaultConfigurationIsVisible = 0;
			defaultConfigurationName = Debug;
		};
		BAFA3C37C966456CBE61D702 /* Build configuration list for PBXNativeTarget "main" */ = {
			isa = XCConfigurationList;
			buildConfigurations = (
				5E842F3E60944E9DBBF85CF5 /* Debug */,
				13E71298C46E4C78BB08BE30 /* Release */,
				417693E763AB4E2A9336F2A4 /* MinSizeRel */,
				A35B64D2A1E74D7B96B141CD /* RelWithDebInfo */,
			);
			defaultConfigurationIsVisible = 0;
			defaultConfigurationName = Debug;
		};
/* End XCConfigurationList section */
	};
	rootObject = EE235D1A82F048648D5E24D6 /* Project object */;
}
